
Microsoft Visual Studio Solution File, Format Version 12.00
# Visual Studio Version 16
VisualStudioVersion = 16.0.32002.261
MinimumVisualStudioVersion = 10.0.40219.1
Project("{9A19103F-16F7-4668-BE54-9A1E7A4F7556}") = "API", "API\API.csproj", "{43D951B3-9FEE-4FA3-813A-92FADF531685}"
EndProject
Project("{9A19103F-16F7-4668-BE54-9A1E7A4F7556}") = "BLL", "BLL\BLL.csproj", "{A1C3C91A-F73F-4DAE-9E4A-60A6A814873B}"
EndProject
Project("{9A19103F-16F7-4668-BE54-9A1E7A4F7556}") = "DAL", "DAL\DAL.csproj", "{A226AD97-C081-4FC1-ABE5-A1C8F3129CF5}"
EndProject
Project("{FAE04EC0-301F-11D3-BF4B-00C04F79EFBC}") = "UIAngular", "UIAngular\UIAngular.csproj", "{92D96BE1-4E1B-4249-95FD-907D03298C91}"
EndProject
Global
	GlobalSection(SolutionConfigurationPlatforms) = preSolution
		Debug|Any CPU = Debug|Any CPU
		Release|Any CPU = Release|Any CPU
	EndGlobalSection
	GlobalSection(ProjectConfigurationPlatforms) = postSolution
		{43D951B3-9FEE-4FA3-813A-92FADF531685}.Debug|Any CPU.ActiveCfg = Debug|Any CPU
		{43D951B3-9FEE-4FA3-813A-92FADF531685}.Debug|Any CPU.Build.0 = Debug|Any CPU
		{43D951B3-9FEE-4FA3-813A-92FADF531685}.Release|Any CPU.ActiveCfg = Release|Any CPU
		{43D951B3-9FEE-4FA3-813A-92FADF531685}.Release|Any CPU.Build.0 = Release|Any CPU
		{A1C3C91A-F73F-4DAE-9E4A-60A6A814873B}.Debug|Any CPU.ActiveCfg = Debug|Any CPU
		{A1C3C91A-F73F-4DAE-9E4A-60A6A814873B}.Debug|Any CPU.Build.0 = Debug|Any CPU
		{A1C3C91A-F73F-4DAE-9E4A-60A6A814873B}.Release|Any CPU.ActiveCfg = Release|Any CPU
		{A1C3C91A-F73F-4DAE-9E4A-60A6A814873B}.Release|Any CPU.Build.0 = Release|Any CPU
		{A226AD97-C081-4FC1-ABE5-A1C8F3129CF5}.Debug|Any CPU.ActiveCfg = Debug|Any CPU
		{A226AD97-C081-4FC1-ABE5-A1C8F3129CF5}.Debug|Any CPU.Build.0 = Debug|Any CPU
		{A226AD97-C081-4FC1-ABE5-A1C8F3129CF5}.Release|Any CPU.ActiveCfg = Release|Any CPU
		{A226AD97-C081-4FC1-ABE5-A1C8F3129CF5}.Release|Any CPU.Build.0 = Release|Any CPU
		{92D96BE1-4E1B-4249-95FD-907D03298C91}.Debug|Any CPU.ActiveCfg = Debug|Any CPU
		{92D96BE1-4E1B-4249-95FD-907D03298C91}.Debug|Any CPU.Build.0 = Debug|Any CPU
		{92D96BE1-4E1B-4249-95FD-907D03298C91}.Release|Any CPU.ActiveCfg = Release|Any CPU
		{92D96BE1-4E1B-4249-95FD-907D03298C91}.Release|Any CPU.Build.0 = Release|Any CPU
	EndGlobalSection
	GlobalSection(SolutionProperties) = preSolution
		HideSolutionNode = FALSE
	EndGlobalSection
	GlobalSection(ExtensibilityGlobals) = postSolution
		SolutionGuid = {2247D2AE-C410-425D-B50D-25281EB17029}
	EndGlobalSection
EndGlobal
